<?xml version="1.0" encoding="utf-8"?>
<Project ToolsVersion="4.0" xmlns="http://schemas.microsoft.com/developer/msbuild/2003">
  <ItemGroup>
    <Filter Include="header">
      <UniqueIdentifier>{93995380-89BD-4b04-88EB-625FBE52EBFB}</UniqueIdentifier>
      <Extensions>h;hh;hpp;hxx;h++;hm;inl;inc;ipp;xsd</Extensions>
    </Filter>
    <Filter Include="source">
      <UniqueIdentifier>{4FC737F1-C7A5-4376-A066-2A32D752A2FF}</UniqueIdentifier>
      <Extensions>cpp;c;cc;cxx;c++;cppm;ixx;def;odl;idl;hpj;bat;asm;asmx</Extensions>
    </Filter>
    <Filter Include="resource">
      <UniqueIdentifier>{67DA6AB6-F800-4c08-8B7A-83BB121AAD01}</UniqueIdentifier>
      <Extensions>rc;ico;cur;bmp;dlg;rc2;rct;bin;rgs;gif;jpg;jpeg;jpe;resx;tiff;tif;png;wav;mfcribbon-ms</Extensions>
    </Filter>
    <Filter Include="shader">
      <UniqueIdentifier>{36a8d71b-9056-484a-ae4f-fc1ce0c3f112}</UniqueIdentifier>
      <Extensions>hlsl;hlsli;fx;vs;ps;gs;hs;ds;cs;ts;glsl;vert;tesc;tese;geom;frag;comp</Extensions>
    </Filter>
    <Filter Include="Rehenz">
      <UniqueIdentifier>{97a8a9c7-15e5-4d17-978d-5abf24733da4}</UniqueIdentifier>
    </Filter>
  </ItemGroup>
  <ItemGroup>
    <ClCompile Include="main.cpp">
      <Filter>source</Filter>
    </ClCompile>
    <ClCompile Include="dx12.cpp">
      <Filter>source</Filter>
    </ClCompile>
    <ClCompile Include="Rehenz\fps_counter.cpp">
      <Filter>Rehenz</Filter>
    </ClCompile>
    <ClCompile Include="Rehenz\input.cpp">
      <Filter>Rehenz</Filter>
    </ClCompile>
    <ClCompile Include="Rehenz\window.cpp">
      <Filter>Rehenz</Filter>
    </ClCompile>
    <ClCompile Include="Rehenz\window_fc.cpp">
      <Filter>Rehenz</Filter>
    </ClCompile>
    <ClCompile Include="rehenz\math.cpp">
      <Filter>Rehenz</Filter>
    </ClCompile>
    <ClCompile Include="Rehenz\mesh.cpp">
      <Filter>Rehenz</Filter>
    </ClCompile>
    <ClCompile Include="Rehenz\render_soft.cpp">
      <Filter>Rehenz</Filter>
    </ClCompile>
    <ClCompile Include="Rehenz\clipper.cpp">
      <Filter>Rehenz</Filter>
    </ClCompile>
    <ClCompile Include="Rehenz\drawer.cpp">
      <Filter>Rehenz</Filter>
    </ClCompile>
  </ItemGroup>
  <ItemGroup>
    <ClInclude Include="dx12.h">
      <Filter>header</Filter>
    </ClInclude>
    <ClInclude Include="Rehenz\fps_counter.h">
      <Filter>Rehenz</Filter>
    </ClInclude>
    <ClInclude Include="Rehenz\input.h">
      <Filter>Rehenz</Filter>
    </ClInclude>
    <ClInclude Include="Rehenz\type.h">
      <Filter>Rehenz</Filter>
    </ClInclude>
    <ClInclude Include="Rehenz\window.h">
      <Filter>Rehenz</Filter>
    </ClInclude>
    <ClInclude Include="Rehenz\window_fc.h">
      <Filter>Rehenz</Filter>
    </ClInclude>
    <ClInclude Include="rehenz\math.h">
      <Filter>Rehenz</Filter>
    </ClInclude>
    <ClInclude Include="Rehenz\mesh.h">
      <Filter>Rehenz</Filter>
    </ClInclude>
    <ClInclude Include="Rehenz\util.h">
      <Filter>Rehenz</Filter>
    </ClInclude>
    <ClInclude Include="Rehenz\render_soft.h">
      <Filter>Rehenz</Filter>
    </ClInclude>
    <ClInclude Include="Rehenz\clipper.h">
      <Filter>Rehenz</Filter>
    </ClInclude>
    <ClInclude Include="Rehenz\drawer.h">
      <Filter>Rehenz</Filter>
    </ClInclude>
  </ItemGroup>
  <ItemGroup>
    <FxCompile Include="dx12_vs_transform.hlsl">
      <Filter>shader</Filter>
    </FxCompile>
    <FxCompile Include="dx12_ps_color.hlsl">
      <Filter>shader</Filter>
    </FxCompile>
    <FxCompile Include="dx12_vs_light.hlsl">
      <Filter>shader</Filter>
    </FxCompile>
    <FxCompile Include="dx12_ps_light.hlsl">
      <Filter>shader</Filter>
    </FxCompile>
    <FxCompile Include="dx12_vs_transform4.hlsl">
      <Filter>shader</Filter>
    </FxCompile>
    <FxCompile Include="dx12_ps_light_tex1.hlsl">
      <Filter>shader</Filter>
    </FxCompile>
    <FxCompile Include="dx12_ps_mat.hlsl">
      <Filter>shader</Filter>
    </FxCompile>
  </ItemGroup>
  <ItemGroup>
    <None Include="blinn_phong.hlsli">
      <Filter>shader</Filter>
    </None>
    <None Include="cbuffers.hlsli">
      <Filter>shader</Filter>
    </None>
    <None Include="structs.hlsli">
      <Filter>shader</Filter>
    </None>
    <None Include="samplers.hlsli">
      <Filter>shader</Filter>
    </None>
  </ItemGroup>
</Project>